
Microsoft Visual Studio Solution File, Format Version 12.00
# Visual Studio 2012
Project("{FAE04EC0-301F-11D3-BF4B-00C04F79EFBC}") = "ErnestBorel", "ErnestBorel\ErnestBorel.csproj", "{F49A4D22-2C2A-48D7-80EA-82C80FA2B8F7}"
	ProjectSection(ProjectDependencies) = postProject
		{BE6F2DB5-0FBA-417A-845B-01C91EB886D4} = {BE6F2DB5-0FBA-417A-845B-01C91EB886D4}
	EndProjectSection
EndProject
Project("{FAE04EC0-301F-11D3-BF4B-00C04F79EFBC}") = "Kitchen", "Kitchen\Kitchen.csproj", "{BE6F2DB5-0FBA-417A-845B-01C91EB886D4}"
EndProject
Global
	GlobalSection(SolutionConfigurationPlatforms) = preSolution
		Debug|Any CPU = Debug|Any CPU
		Release|Any CPU = Release|Any CPU
	EndGlobalSection
	GlobalSection(ProjectConfigurationPlatforms) = postSolution
		{F49A4D22-2C2A-48D7-80EA-82C80FA2B8F7}.Debug|Any CPU.ActiveCfg = Debug|Any CPU
		{F49A4D22-2C2A-48D7-80EA-82C80FA2B8F7}.Debug|Any CPU.Build.0 = Debug|Any CPU
		{F49A4D22-2C2A-48D7-80EA-82C80FA2B8F7}.Release|Any CPU.ActiveCfg = Release|Any CPU
		{F49A4D22-2C2A-48D7-80EA-82C80FA2B8F7}.Release|Any CPU.Build.0 = Release|Any CPU
		{BE6F2DB5-0FBA-417A-845B-01C91EB886D4}.Debug|Any CPU.ActiveCfg = Debug|Any CPU
		{BE6F2DB5-0FBA-417A-845B-01C91EB886D4}.Debug|Any CPU.Build.0 = Debug|Any CPU
		{BE6F2DB5-0FBA-417A-845B-01C91EB886D4}.Release|Any CPU.ActiveCfg = Release|Any CPU
		{BE6F2DB5-0FBA-417A-845B-01C91EB886D4}.Release|Any CPU.Build.0 = Release|Any CPU
	EndGlobalSection
	GlobalSection(SolutionProperties) = preSolution
		HideSolutionNode = FALSE
	EndGlobalSection
EndGlobal
